
Microsoft Visual Studio Solution File, Format Version 12.00
# Visual Studio 15
Project("{FAE04EC0-301F-11D3-BF4B-00C04F79EFBC}") = "My2DGame", "My2DGame.csproj", "{F23B0639-2168-89F5-6D1E-F0A7EC28CCC7}"
EndProject
Project("{FAE04EC0-301F-11D3-BF4B-00C04F79EFBC}") = "My2DGame.Editor", "My2DGame.Editor.csproj", "{4152944B-B687-5480-191F-D388B0B0CD74}"
EndProject
Global
	GlobalSection(SolutionConfigurationPlatforms) = preSolution
		Debug|Any CPU = Debug|Any CPU
		Release|Any CPU = Release|Any CPU
	EndGlobalSection
	GlobalSection(ProjectConfigurationPlatforms) = postSolution
		{F23B0639-2168-89F5-6D1E-F0A7EC28CCC7}.Debug|Any CPU.ActiveCfg = Debug|Any CPU
		{F23B0639-2168-89F5-6D1E-F0A7EC28CCC7}.Debug|Any CPU.Build.0 = Debug|Any CPU
		{F23B0639-2168-89F5-6D1E-F0A7EC28CCC7}.Release|Any CPU.ActiveCfg = Release|Any CPU
		{F23B0639-2168-89F5-6D1E-F0A7EC28CCC7}.Release|Any CPU.Build.0 = Release|Any CPU
		{4152944B-B687-5480-191F-D388B0B0CD74}.Debug|Any CPU.ActiveCfg = Debug|Any CPU
		{4152944B-B687-5480-191F-D388B0B0CD74}.Debug|Any CPU.Build.0 = Debug|Any CPU
		{4152944B-B687-5480-191F-D388B0B0CD74}.Release|Any CPU.ActiveCfg = Release|Any CPU
		{4152944B-B687-5480-191F-D388B0B0CD74}.Release|Any CPU.Build.0 = Release|Any CPU
	EndGlobalSection
	GlobalSection(SolutionProperties) = preSolution
		HideSolutionNode = FALSE
	EndGlobalSection
EndGlobal
