
Microsoft Visual Studio Solution File, Format Version 12.00
# Visual Studio 15
Project("{FAE04EC0-301F-11D3-BF4B-00C04F79EFBC}") = "SunnyLand", "SunnyLand.csproj", "{1E282409-F596-B95C-864C-7DB0BE055F34}"
EndProject
Project("{FAE04EC0-301F-11D3-BF4B-00C04F79EFBC}") = "SunnyLand.Editor", "SunnyLand.Editor.csproj", "{993A6160-E774-1349-8616-233570FBFFD7}"
EndProject
Global
	GlobalSection(SolutionConfigurationPlatforms) = preSolution
		Debug|Any CPU = Debug|Any CPU
		Release|Any CPU = Release|Any CPU
	EndGlobalSection
	GlobalSection(ProjectConfigurationPlatforms) = postSolution
		{1E282409-F596-B95C-864C-7DB0BE055F34}.Debug|Any CPU.ActiveCfg = Debug|Any CPU
		{1E282409-F596-B95C-864C-7DB0BE055F34}.Debug|Any CPU.Build.0 = Debug|Any CPU
		{1E282409-F596-B95C-864C-7DB0BE055F34}.Release|Any CPU.ActiveCfg = Release|Any CPU
		{1E282409-F596-B95C-864C-7DB0BE055F34}.Release|Any CPU.Build.0 = Release|Any CPU
		{993A6160-E774-1349-8616-233570FBFFD7}.Debug|Any CPU.ActiveCfg = Debug|Any CPU
		{993A6160-E774-1349-8616-233570FBFFD7}.Debug|Any CPU.Build.0 = Debug|Any CPU
		{993A6160-E774-1349-8616-233570FBFFD7}.Release|Any CPU.ActiveCfg = Release|Any CPU
		{993A6160-E774-1349-8616-233570FBFFD7}.Release|Any CPU.Build.0 = Release|Any CPU
	EndGlobalSection
	GlobalSection(SolutionProperties) = preSolution
		HideSolutionNode = FALSE
	EndGlobalSection
EndGlobal
